
Microsoft Visual Studio Solution File, Format Version 12.00
# Visual Studio 14
VisualStudioVersion = 14.0.25123.0
MinimumVisualStudioVersion = 10.0.40219.1
Project("{356E6B3C-54FC-487D-9319-9B43F6952383}") = "Sitecore.Support.390163", "Sitecore.Support.390163\Sitecore.Support.390163.csproj", "{FF71C9EA-18E0-42D2-B1AB-E2F45CFD1593}"
EndProject
Global
	GlobalSection(SolutionConfigurationPlatforms) = preSolution
		Debug|Any CPU = Debug|Any CPU
		Release|Any CPU = Release|Any CPU
	EndGlobalSection
	GlobalSection(ProjectConfigurationPlatforms) = postSolution
		{FF71C9EA-18E0-42D2-B1AB-E2F45CFD1593}.Debug|Any CPU.ActiveCfg = Debug|Any CPU
		{FF71C9EA-18E0-42D2-B1AB-E2F45CFD1593}.Debug|Any CPU.Build.0 = Debug|Any CPU
		{FF71C9EA-18E0-42D2-B1AB-E2F45CFD1593}.Release|Any CPU.ActiveCfg = Release|Any CPU
		{FF71C9EA-18E0-42D2-B1AB-E2F45CFD1593}.Release|Any CPU.Build.0 = Release|Any CPU
	EndGlobalSection
	GlobalSection(SolutionProperties) = preSolution
		HideSolutionNode = FALSE
	EndGlobalSection
EndGlobal
